
Microsoft Visual Studio Solution File, Format Version 12.00
# Visual Studio Version 16
VisualStudioVersion = 16.0.30907.101
MinimumVisualStudioVersion = 10.0.40219.1
Project("{2150E333-8FDC-42A3-9474-1A3956D46DE8}") = "2 - App", "2 - App", "{6ECBD618-701E-40E5-9CE5-39857A57C2F0}"
EndProject
Project("{2150E333-8FDC-42A3-9474-1A3956D46DE8}") = "3 - Domain", "3 - Domain", "{1C107C51-E24D-4569-94A2-0E6A6EE7E932}"
EndProject
Project("{2150E333-8FDC-42A3-9474-1A3956D46DE8}") = "4 - Infra", "4 - Infra", "{F9F5E71D-8D6D-4D3A-9706-D3C5F6C197C1}"
EndProject
Project("{2150E333-8FDC-42A3-9474-1A3956D46DE8}") = "1 - UI", "1 - UI", "{927B0688-8B5D-453F-BEBA-D1C52F5089DF}"
EndProject
Project("{FAE04EC0-301F-11D3-BF4B-00C04F79EFBC}") = "POSY.Domain", "POSY.Domain\POSY.Domain.csproj", "{85397D8C-5994-49DD-A1E3-F884AEC2E346}"
EndProject
Project("{FAE04EC0-301F-11D3-BF4B-00C04F79EFBC}") = "POSY.Domain.Tests", "POSY.Domain.Tests\POSY.Domain.Tests.csproj", "{2D05846D-94BA-40FD-A352-5EE2E1349107}"
EndProject
Project("{2150E333-8FDC-42A3-9474-1A3956D46DE8}") = "4.1 - Data", "4.1 - Data", "{A2889E25-DA65-4258-A173-EE7386046726}"
EndProject
Project("{2150E333-8FDC-42A3-9474-1A3956D46DE8}") = "4.2 - CrossCutting", "4.2 - CrossCutting", "{13383594-D97E-465F-996E-E8DA0CB93B3C}"
EndProject
Project("{FAE04EC0-301F-11D3-BF4B-00C04F79EFBC}") = "POSY.Infra.CrossCutting.Identity", "POSY.Infra.CrossCutting.Identity\POSY.Infra.CrossCutting.Identity.csproj", "{4B09332C-12D9-4459-BF2B-B127F7110851}"
EndProject
Project("{FAE04EC0-301F-11D3-BF4B-00C04F79EFBC}") = "POSY.Infra.CrossCutting.IoC", "POSY.Infra.CrossCutting.IoC\POSY.Infra.CrossCutting.IoC.csproj", "{E14D9442-D116-4BAE-90BA-83F3B50B902F}"
EndProject
Project("{FAE04EC0-301F-11D3-BF4B-00C04F79EFBC}") = "POSY.Infra.Data", "POSY.Infra.Data\POSY.Infra.Data.csproj", "{E8D8BB06-EA11-460F-AF49-98A66AA3A957}"
EndProject
Project("{FAE04EC0-301F-11D3-BF4B-00C04F79EFBC}") = "POSY.MVC", "POSY.MVC\POSY.MVC.csproj", "{FE6B26DD-4666-471C-848B-482551374EED}"
EndProject
Project("{FAE04EC0-301F-11D3-BF4B-00C04F79EFBC}") = "POSY.Infra.CrossCutting.Common", "POSY.Infra.CrossCutting.Common\POSY.Infra.CrossCutting.Common.csproj", "{A3030775-2563-439C-8ACF-CE5E599C7837}"
EndProject
Project("{FAE04EC0-301F-11D3-BF4B-00C04F79EFBC}") = "POSY.Infra.CrossCutting.Common.Tests", "POSY.Infra.CrossCutting.Common.Tests\POSY.Infra.CrossCutting.Common.Tests.csproj", "{D882BE87-7555-4043-9237-D71F6A92B86E}"
EndProject
Project("{FAE04EC0-301F-11D3-BF4B-00C04F79EFBC}") = "POSY.UI.DOS", "POSY.UI.DOS\POSY.UI.DOS.csproj", "{02697ACD-6363-4AA8-BF7C-E5FF8B987066}"
EndProject
Project("{FAE04EC0-301F-11D3-BF4B-00C04F79EFBC}") = "POSY.App", "POSY.App\POSY.App.csproj", "{7F945D88-3983-4E79-986B-D84FFBF3ABC7}"
EndProject
Project("{FAE04EC0-301F-11D3-BF4B-00C04F79EFBC}") = "POSY.UI.WF", "POSY.UI.WF\POSY.UI.WF.csproj", "{85190989-BBFE-4CD6-928B-0016F627B6A4}"
EndProject
Project("{FAE04EC0-301F-11D3-BF4B-00C04F79EFBC}") = "POSY.Api", "POSY.Api\POSY.Api.csproj", "{777B4E04-268D-42FB-BD24-8D2A4CDD039D}"
EndProject
Project("{2150E333-8FDC-42A3-9474-1A3956D46DE8}") = "Solution Items", "Solution Items", "{4BAC7B10-B599-4D14-A33F-07967495F083}"
	ProjectSection(SolutionItems) = preProject
		Secrets.txt = Secrets.txt
	EndProjectSection
EndProject
Global
	GlobalSection(SolutionConfigurationPlatforms) = preSolution
		Debug|Any CPU = Debug|Any CPU
		Release|Any CPU = Release|Any CPU
	EndGlobalSection
	GlobalSection(ProjectConfigurationPlatforms) = postSolution
		{85397D8C-5994-49DD-A1E3-F884AEC2E346}.Debug|Any CPU.ActiveCfg = Debug|Any CPU
		{85397D8C-5994-49DD-A1E3-F884AEC2E346}.Debug|Any CPU.Build.0 = Debug|Any CPU
		{85397D8C-5994-49DD-A1E3-F884AEC2E346}.Release|Any CPU.ActiveCfg = Release|Any CPU
		{85397D8C-5994-49DD-A1E3-F884AEC2E346}.Release|Any CPU.Build.0 = Release|Any CPU
		{2D05846D-94BA-40FD-A352-5EE2E1349107}.Debug|Any CPU.ActiveCfg = Debug|Any CPU
		{2D05846D-94BA-40FD-A352-5EE2E1349107}.Debug|Any CPU.Build.0 = Debug|Any CPU
		{2D05846D-94BA-40FD-A352-5EE2E1349107}.Release|Any CPU.ActiveCfg = Release|Any CPU
		{2D05846D-94BA-40FD-A352-5EE2E1349107}.Release|Any CPU.Build.0 = Release|Any CPU
		{4B09332C-12D9-4459-BF2B-B127F7110851}.Debug|Any CPU.ActiveCfg = Debug|Any CPU
		{4B09332C-12D9-4459-BF2B-B127F7110851}.Debug|Any CPU.Build.0 = Debug|Any CPU
		{4B09332C-12D9-4459-BF2B-B127F7110851}.Release|Any CPU.ActiveCfg = Release|Any CPU
		{4B09332C-12D9-4459-BF2B-B127F7110851}.Release|Any CPU.Build.0 = Release|Any CPU
		{E14D9442-D116-4BAE-90BA-83F3B50B902F}.Debug|Any CPU.ActiveCfg = Debug|Any CPU
		{E14D9442-D116-4BAE-90BA-83F3B50B902F}.Debug|Any CPU.Build.0 = Debug|Any CPU
		{E14D9442-D116-4BAE-90BA-83F3B50B902F}.Release|Any CPU.ActiveCfg = Release|Any CPU
		{E14D9442-D116-4BAE-90BA-83F3B50B902F}.Release|Any CPU.Build.0 = Release|Any CPU
		{E8D8BB06-EA11-460F-AF49-98A66AA3A957}.Debug|Any CPU.ActiveCfg = Debug|Any CPU
		{E8D8BB06-EA11-460F-AF49-98A66AA3A957}.Debug|Any CPU.Build.0 = Debug|Any CPU
		{E8D8BB06-EA11-460F-AF49-98A66AA3A957}.Release|Any CPU.ActiveCfg = Release|Any CPU
		{E8D8BB06-EA11-460F-AF49-98A66AA3A957}.Release|Any CPU.Build.0 = Release|Any CPU
		{FE6B26DD-4666-471C-848B-482551374EED}.Debug|Any CPU.ActiveCfg = Debug|Any CPU
		{FE6B26DD-4666-471C-848B-482551374EED}.Debug|Any CPU.Build.0 = Debug|Any CPU
		{FE6B26DD-4666-471C-848B-482551374EED}.Release|Any CPU.ActiveCfg = Release|Any CPU
		{FE6B26DD-4666-471C-848B-482551374EED}.Release|Any CPU.Build.0 = Release|Any CPU
		{A3030775-2563-439C-8ACF-CE5E599C7837}.Debug|Any CPU.ActiveCfg = Debug|Any CPU
		{A3030775-2563-439C-8ACF-CE5E599C7837}.Debug|Any CPU.Build.0 = Debug|Any CPU
		{A3030775-2563-439C-8ACF-CE5E599C7837}.Release|Any CPU.ActiveCfg = Release|Any CPU
		{A3030775-2563-439C-8ACF-CE5E599C7837}.Release|Any CPU.Build.0 = Release|Any CPU
		{D882BE87-7555-4043-9237-D71F6A92B86E}.Debug|Any CPU.ActiveCfg = Debug|Any CPU
		{D882BE87-7555-4043-9237-D71F6A92B86E}.Debug|Any CPU.Build.0 = Debug|Any CPU
		{D882BE87-7555-4043-9237-D71F6A92B86E}.Release|Any CPU.ActiveCfg = Release|Any CPU
		{D882BE87-7555-4043-9237-D71F6A92B86E}.Release|Any CPU.Build.0 = Release|Any CPU
		{02697ACD-6363-4AA8-BF7C-E5FF8B987066}.Debug|Any CPU.ActiveCfg = Debug|Any CPU
		{02697ACD-6363-4AA8-BF7C-E5FF8B987066}.Debug|Any CPU.Build.0 = Debug|Any CPU
		{02697ACD-6363-4AA8-BF7C-E5FF8B987066}.Release|Any CPU.ActiveCfg = Release|Any CPU
		{02697ACD-6363-4AA8-BF7C-E5FF8B987066}.Release|Any CPU.Build.0 = Release|Any CPU
		{7F945D88-3983-4E79-986B-D84FFBF3ABC7}.Debug|Any CPU.ActiveCfg = Debug|Any CPU
		{7F945D88-3983-4E79-986B-D84FFBF3ABC7}.Debug|Any CPU.Build.0 = Debug|Any CPU
		{7F945D88-3983-4E79-986B-D84FFBF3ABC7}.Release|Any CPU.ActiveCfg = Release|Any CPU
		{7F945D88-3983-4E79-986B-D84FFBF3ABC7}.Release|Any CPU.Build.0 = Release|Any CPU
		{85190989-BBFE-4CD6-928B-0016F627B6A4}.Debug|Any CPU.ActiveCfg = Debug|Any CPU
		{85190989-BBFE-4CD6-928B-0016F627B6A4}.Debug|Any CPU.Build.0 = Debug|Any CPU
		{85190989-BBFE-4CD6-928B-0016F627B6A4}.Release|Any CPU.ActiveCfg = Release|Any CPU
		{85190989-BBFE-4CD6-928B-0016F627B6A4}.Release|Any CPU.Build.0 = Release|Any CPU
		{777B4E04-268D-42FB-BD24-8D2A4CDD039D}.Debug|Any CPU.ActiveCfg = Debug|Any CPU
		{777B4E04-268D-42FB-BD24-8D2A4CDD039D}.Debug|Any CPU.Build.0 = Debug|Any CPU
		{777B4E04-268D-42FB-BD24-8D2A4CDD039D}.Release|Any CPU.ActiveCfg = Release|Any CPU
		{777B4E04-268D-42FB-BD24-8D2A4CDD039D}.Release|Any CPU.Build.0 = Release|Any CPU
	EndGlobalSection
	GlobalSection(SolutionProperties) = preSolution
		HideSolutionNode = FALSE
	EndGlobalSection
	GlobalSection(NestedProjects) = preSolution
		{85397D8C-5994-49DD-A1E3-F884AEC2E346} = {1C107C51-E24D-4569-94A2-0E6A6EE7E932}
		{2D05846D-94BA-40FD-A352-5EE2E1349107} = {1C107C51-E24D-4569-94A2-0E6A6EE7E932}
		{A2889E25-DA65-4258-A173-EE7386046726} = {F9F5E71D-8D6D-4D3A-9706-D3C5F6C197C1}
		{13383594-D97E-465F-996E-E8DA0CB93B3C} = {F9F5E71D-8D6D-4D3A-9706-D3C5F6C197C1}
		{4B09332C-12D9-4459-BF2B-B127F7110851} = {13383594-D97E-465F-996E-E8DA0CB93B3C}
		{E14D9442-D116-4BAE-90BA-83F3B50B902F} = {13383594-D97E-465F-996E-E8DA0CB93B3C}
		{E8D8BB06-EA11-460F-AF49-98A66AA3A957} = {A2889E25-DA65-4258-A173-EE7386046726}
		{FE6B26DD-4666-471C-848B-482551374EED} = {927B0688-8B5D-453F-BEBA-D1C52F5089DF}
		{A3030775-2563-439C-8ACF-CE5E599C7837} = {13383594-D97E-465F-996E-E8DA0CB93B3C}
		{D882BE87-7555-4043-9237-D71F6A92B86E} = {13383594-D97E-465F-996E-E8DA0CB93B3C}
		{02697ACD-6363-4AA8-BF7C-E5FF8B987066} = {927B0688-8B5D-453F-BEBA-D1C52F5089DF}
		{7F945D88-3983-4E79-986B-D84FFBF3ABC7} = {6ECBD618-701E-40E5-9CE5-39857A57C2F0}
		{85190989-BBFE-4CD6-928B-0016F627B6A4} = {927B0688-8B5D-453F-BEBA-D1C52F5089DF}
		{777B4E04-268D-42FB-BD24-8D2A4CDD039D} = {927B0688-8B5D-453F-BEBA-D1C52F5089DF}
	EndGlobalSection
	GlobalSection(ExtensibilityGlobals) = postSolution
		SolutionGuid = {5F672035-9D97-46E8-A2A8-F2DAAEF64B82}
	EndGlobalSection
EndGlobal
